
Microsoft Visual Studio Solution File, Format Version 12.00
# Visual Studio Version 17
VisualStudioVersion = 17.0.32112.339
MinimumVisualStudioVersion = 10.0.40219.1
Project("{FAE04EC0-301F-11D3-BF4B-00C04F79EFBC}") = "Encoder", "Encoder\Encoder.csproj", "{FBBFD813-2BE5-406E-BACA-073E2577C8EC}"
EndProject
Project("{FAE04EC0-301F-11D3-BF4B-00C04F79EFBC}") = "EncodingLibrary", "EncodingLibrary\EncodingLibrary.csproj", "{3D46DF21-ED68-4149-82B5-301DCAE66A66}"
EndProject
Project("{FAE04EC0-301F-11D3-BF4B-00C04F79EFBC}") = "EncodingLibraryUnitTestProject", "EncodingLibraryUnitTestProject\EncodingLibraryUnitTestProject.csproj", "{D79BCBB7-813E-4089-9CC2-FB06FBA98E46}"
EndProject
Global
	GlobalSection(SolutionConfigurationPlatforms) = preSolution
		Debug|Any CPU = Debug|Any CPU
		Release|Any CPU = Release|Any CPU
	EndGlobalSection
	GlobalSection(ProjectConfigurationPlatforms) = postSolution
		{FBBFD813-2BE5-406E-BACA-073E2577C8EC}.Debug|Any CPU.ActiveCfg = Debug|Any CPU
		{FBBFD813-2BE5-406E-BACA-073E2577C8EC}.Debug|Any CPU.Build.0 = Debug|Any CPU
		{FBBFD813-2BE5-406E-BACA-073E2577C8EC}.Release|Any CPU.ActiveCfg = Release|Any CPU
		{FBBFD813-2BE5-406E-BACA-073E2577C8EC}.Release|Any CPU.Build.0 = Release|Any CPU
		{3D46DF21-ED68-4149-82B5-301DCAE66A66}.Debug|Any CPU.ActiveCfg = Debug|Any CPU
		{3D46DF21-ED68-4149-82B5-301DCAE66A66}.Debug|Any CPU.Build.0 = Debug|Any CPU
		{3D46DF21-ED68-4149-82B5-301DCAE66A66}.Release|Any CPU.ActiveCfg = Release|Any CPU
		{3D46DF21-ED68-4149-82B5-301DCAE66A66}.Release|Any CPU.Build.0 = Release|Any CPU
		{D79BCBB7-813E-4089-9CC2-FB06FBA98E46}.Debug|Any CPU.ActiveCfg = Debug|Any CPU
		{D79BCBB7-813E-4089-9CC2-FB06FBA98E46}.Debug|Any CPU.Build.0 = Debug|Any CPU
		{D79BCBB7-813E-4089-9CC2-FB06FBA98E46}.Release|Any CPU.ActiveCfg = Release|Any CPU
		{D79BCBB7-813E-4089-9CC2-FB06FBA98E46}.Release|Any CPU.Build.0 = Release|Any CPU
	EndGlobalSection
	GlobalSection(SolutionProperties) = preSolution
		HideSolutionNode = FALSE
	EndGlobalSection
	GlobalSection(ExtensibilityGlobals) = postSolution
		SolutionGuid = {F6725606-7219-4AE7-8E19-E892A078C5D6}
	EndGlobalSection
EndGlobal
